# This file was autogenerated by Stack.
# You should not edit this file by hand.
# For more information, please see the documentation at:
#   https://docs.haskellstack.org/en/stable/lock_files

packages: []
snapshots:
- completed:
    size: 374365
    url: https://raw.githubusercontent.com/commercialhaskell/stackage-snapshots/master/lts/5/11.yaml
    sha256: 5f58b208067e8dafbd5f31a40bbbac0e456599fe35a4e22c6512c1324002b3ce
  original: lts-5.11
